{
  "nodes": {
    "nixos-hardware": {
      "locked": {
        "lastModified": 1726724509,
        "narHash": "sha256-sVeAM1tgVi52S1e29fFBTPUAFSzgQwgLon3CrztXGm8=",
        "owner": "NixOS",
        "repo": "nixos-hardware",
        "rev": "10d5e0ecc32984c1bf1a9a46586be3451c42fd94",
        "type": "github"
      },
      "original": {
        "owner": "NixOS",
        "ref": "master",
        "repo": "nixos-hardware",
        "type": "github"
      }
    },
    "nixpkgs": {
      "locked": {
        "lastModified": 1726818242,
        "narHash": "sha256-49EQfBjUia9iDyNMlY2WNATIXdMDDzJFwB5Szryj7ZY=",
        "owner": "NixOS",
        "repo": "nixpkgs",
        "rev": "7a0c502d82b358190767e122f986467cf998c7a4",
        "type": "github"
      },
      "original": {
        "owner": "NixOS",
        "ref": "master",
        "repo": "nixpkgs",
        "type": "github"
      }
    },
    "root": {
      "inputs": {
        "nixos-hardware": "nixos-hardware",
        "nixpkgs": "nixpkgs"
      }
    }
  },
  "root": "root",
  "version": 7
}
